
Microsoft Visual Studio Solution File, Format Version 12.00
# Visual Studio Version 17
VisualStudioVersion = 17.11.35327.3
MinimumVisualStudioVersion = 10.0.40219.1
Project("{FAE04EC0-301F-11D3-BF4B-00C04F79EFBC}") = "CatalogoService", "CatalogoService.csproj", "{C3605C9E-D6C3-479D-B6C2-5AE870C53600}"
EndProject
Global
	GlobalSection(SolutionConfigurationPlatforms) = preSolution
		Debug|Any CPU = Debug|Any CPU
		Release|Any CPU = Release|Any CPU
	EndGlobalSection
	GlobalSection(ProjectConfigurationPlatforms) = postSolution
		{C3605C9E-D6C3-479D-B6C2-5AE870C53600}.Debug|Any CPU.ActiveCfg = Debug|Any CPU
		{C3605C9E-D6C3-479D-B6C2-5AE870C53600}.Debug|Any CPU.Build.0 = Debug|Any CPU
		{C3605C9E-D6C3-479D-B6C2-5AE870C53600}.Release|Any CPU.ActiveCfg = Release|Any CPU
		{C3605C9E-D6C3-479D-B6C2-5AE870C53600}.Release|Any CPU.Build.0 = Release|Any CPU
	EndGlobalSection
	GlobalSection(SolutionProperties) = preSolution
		HideSolutionNode = FALSE
	EndGlobalSection
	GlobalSection(ExtensibilityGlobals) = postSolution
		SolutionGuid = {4C4B2C42-E676-4B18-9265-B7D35897A82A}
	EndGlobalSection
EndGlobal
